// !$*UTF8*$!
{
	archiveVersion = 1;
	classes = {
	};
	objectVersion = 46;
	objects = {

/* Begin PBXBuildFile section */
		29A34B911B39763A00235350 /* AppDelegate.swift in Sources */ = {isa = PBXBuildFile; fileRef = 29A34B901B39763A00235350 /* AppDelegate.swift */; };
		29A34B931B39763A00235350 /* CustomCameraViewController.swift in Sources */ = {isa = PBXBuildFile; fileRef = 29A34B921B39763A00235350 /* CustomCameraViewController.swift */; };
		29A34B961B39763A00235350 /* Main.storyboard in Resources */ = {isa = PBXBuildFile; fileRef = 29A34B941B39763A00235350 /* Main.storyboard */; };
		29A34B981B39763A00235350 /* Images.xcassets in Resources */ = {isa = PBXBuildFile; fileRef = 29A34B971B39763A00235350 /* Images.xcassets */; };
		29A34B9B1B39763A00235350 /* LaunchScreen.xib in Resources */ = {isa = PBXBuildFile; fileRef = 29A34B991B39763A00235350 /* LaunchScreen.xib */; };
		29A34BA71B39763A00235350 /* cameraSampleTests.swift in Sources */ = {isa = PBXBuildFile; fileRef = 29A34BA61B39763A00235350 /* cameraSampleTests.swift */; };
		29A34BB11B397CAC00235350 /* SimpleCameraViewController.swift in Sources */ = {isa = PBXBuildFile; fileRef = 29A34BB01B397CAC00235350 /* SimpleCameraViewController.swift */; };
		29A34BB31B398A3500235350 /* OverlayView.swift in Sources */ = {isa = PBXBuildFile; fileRef = 29A34BB21B398A3500235350 /* OverlayView.swift */; };
		29A34BB51B398A4900235350 /* OverlayView.xib in Resources */ = {isa = PBXBuildFile; fileRef = 29A34BB41B398A4900235350 /* OverlayView.xib */; };
/* End PBXBuildFile section */

/* Begin PBXContainerItemProxy section */
		29A34BA11B39763A00235350 /* PBXContainerItemProxy */ = {
			isa = PBXContainerItemProxy;
			containerPortal = 29A34B831B39763A00235350 /* Project object */;
			proxyType = 1;
			remoteGlobalIDString = 29A34B8A1B39763A00235350;
			remoteInfo = cameraSample;
		};
/* End PBXContainerItemProxy section */

/* Begin PBXFileReference section */
		29A34B8B1B39763A00235350 /* cameraSample.app */ = {isa = PBXFileReference; explicitFileType = wrapper.application; includeInIndex = 0; path = cameraSample.app; sourceTree = BUILT_PRODUCTS_DIR; };
		29A34B8F1B39763A00235350 /* Info.plist */ = {isa = PBXFileReference; lastKnownFileType = text.plist.xml; path = Info.plist; sourceTree = "<group>"; };
		29A34B901B39763A00235350 /* AppDelegate.swift */ = {isa = PBXFileReference; lastKnownFileType = sourcecode.swift; path = AppDelegate.swift; sourceTree = "<group>"; };
		29A34B921B39763A00235350 /* CustomCameraViewController.swift */ = {isa = PBXFileReference; lastKnownFileType = sourcecode.swift; path = CustomCameraViewController.swift; sourceTree = "<group>"; };
		29A34B951B39763A00235350 /* Base */ = {isa = PBXFileReference; lastKnownFileType = file.storyboard; name = Base; path = Base.lproj/Main.storyboard; sourceTree = "<group>"; };
		29A34B971B39763A00235350 /* Images.xcassets */ = {isa = PBXFileReference; lastKnownFileType = folder.assetcatalog; path = Images.xcassets; sourceTree = "<group>"; };
		29A34B9A1B39763A00235350 /* Base */ = {isa = PBXFileReference; lastKnownFileType = file.xib; name = Base; path = Base.lproj/LaunchScreen.xib; sourceTree = "<group>"; };
		29A34BA01B39763A00235350 /* cameraSampleTests.xctest */ = {isa = PBXFileReference; explicitFileType = wrapper.cfbundle; includeInIndex = 0; path = cameraSampleTests.xctest; sourceTree = BUILT_PRODUCTS_DIR; };
		29A34BA51B39763A00235350 /* Info.plist */ = {isa = PBXFileReference; lastKnownFileType = text.plist.xml; path = Info.plist; sourceTree = "<group>"; };
		29A34BA61B39763A00235350 /* cameraSampleTests.swift */ = {isa = PBXFileReference; lastKnownFileType = sourcecode.swift; path = cameraSampleTests.swift; sourceTree = "<group>"; };
		29A34BB01B397CAC00235350 /* SimpleCameraViewController.swift */ = {isa = PBXFileReference; fileEncoding = 4; lastKnownFileType = sourcecode.swift; path = SimpleCameraViewController.swift; sourceTree = "<group>"; };
		29A34BB21B398A3500235350 /* OverlayView.swift */ = {isa = PBXFileReference; fileEncoding = 4; lastKnownFileType = sourcecode.swift; path = OverlayView.swift; sourceTree = "<group>"; };
		29A34BB41B398A4900235350 /* OverlayView.xib */ = {isa = PBXFileReference; fileEncoding = 4; lastKnownFileType = file.xib; path = OverlayView.xib; sourceTree = "<group>"; };
/* End PBXFileReference section */

/* Begin PBXFrameworksBuildPhase section */
		29A34B881B39763A00235350 /* Frameworks */ = {
			isa = PBXFrameworksBuildPhase;
			buildActionMask = 2147483647;
			files = (
			);
			runOnlyForDeploymentPostprocessing = 0;
		};
		29A34B9D1B39763A00235350 /* Frameworks */ = {
			isa = PBXFrameworksBuildPhase;
			buildActionMask = 2147483647;
			files = (
			);
			runOnlyForDeploymentPostprocessing = 0;
		};
/* End PBXFrameworksBuildPhase section */

/* Begin PBXGroup section */
		29A34B821B39763A00235350 = {
			isa = PBXGroup;
			children = (
				29A34B8D1B39763A00235350 /* cameraSample */,
				29A34BA31B39763A00235350 /* cameraSampleTests */,
				29A34B8C1B39763A00235350 /* Products */,
			);
			sourceTree = "<group>";
		};
		29A34B8C1B39763A00235350 /* Products */ = {
			isa = PBXGroup;
			children = (
				29A34B8B1B39763A00235350 /* cameraSample.app */,
				29A34BA01B39763A00235350 /* cameraSampleTests.xctest */,
			);
			name = Products;
			sourceTree = "<group>";
		};
		29A34B8D1B39763A00235350 /* cameraSample */ = {
			isa = PBXGroup;
			children = (
				29A34B901B39763A00235350 /* AppDelegate.swift */,
				29A34B941B39763A00235350 /* Main.storyboard */,
				29A34B921B39763A00235350 /* CustomCameraViewController.swift */,
				29A34BB01B397CAC00235350 /* SimpleCameraViewController.swift */,
				29A34BB21B398A3500235350 /* OverlayView.swift */,
				29A34BB41B398A4900235350 /* OverlayView.xib */,
				29A34B971B39763A00235350 /* Images.xcassets */,
				29A34B991B39763A00235350 /* LaunchScreen.xib */,
				29A34B8E1B39763A00235350 /* Supporting Files */,
			);
			path = cameraSample;
			sourceTree = "<group>";
		};
		29A34B8E1B39763A00235350 /* Supporting Files */ = {
			isa = PBXGroup;
			children = (
				29A34B8F1B39763A00235350 /* Info.plist */,
			);
			name = "Supporting Files";
			sourceTree = "<group>";
		};
		29A34BA31B39763A00235350 /* cameraSampleTests */ = {
			isa = PBXGroup;
			children = (
				29A34BA61B39763A00235350 /* cameraSampleTests.swift */,
				29A34BA41B39763A00235350 /* Supporting Files */,
			);
			path = cameraSampleTests;
			sourceTree = "<group>";
		};
		29A34BA41B39763A00235350 /* Supporting Files */ = {
			isa = PBXGroup;
			children = (
				29A34BA51B39763A00235350 /* Info.plist */,
			);
			name = "Supporting Files";
			sourceTree = "<group>";
		};
/* End PBXGroup section */

/* Begin PBXNativeTarget section */
		29A34B8A1B39763A00235350 /* cameraSample */ = {
			isa = PBXNativeTarget;
			buildConfigurationList = 29A34BAA1B39763A00235350 /* Build configuration list for PBXNativeTarget "cameraSample" */;
			buildPhases = (
				29A34B871B39763A00235350 /* Sources */,
				29A34B881B39763A00235350 /* Frameworks */,
				29A34B891B39763A00235350 /* Resources */,
			);
			buildRules = (
			);
			dependencies = (
			);
			name = cameraSample;
			productName = cameraSample;
			productReference = 29A34B8B1B39763A00235350 /* cameraSample.app */;
			productType = "com.apple.product-type.application";
		};
		29A34B9F1B39763A00235350 /* cameraSampleTests */ = {
			isa = PBXNativeTarget;
			buildConfigurationList = 29A34BAD1B39763A00235350 /* Build configuration list for PBXNativeTarget "cameraSampleTests" */;
			buildPhases = (
				29A34B9C1B39763A00235350 /* Sources */,
				29A34B9D1B39763A00235350 /* Frameworks */,
				29A34B9E1B39763A00235350 /* Resources */,
			);
			buildRules = (
			);
			dependencies = (
				29A34BA21B39763A00235350 /* PBXTargetDependency */,
			);
			name = cameraSampleTests;
			productName = cameraSampleTests;
			productReference = 29A34BA01B39763A00235350 /* cameraSampleTests.xctest */;
			productType = "com.apple.product-type.bundle.unit-test";
		};
/* End PBXNativeTarget section */

/* Begin PBXProject section */
		29A34B831B39763A00235350 /* Project object */ = {
			isa = PBXProject;
			attributes = {
				LastUpgradeCheck = 0630;
				ORGANIZATIONNAME = mikan;
				TargetAttributes = {
					29A34B8A1B39763A00235350 = {
						CreatedOnToolsVersion = 6.3.2;
					};
					29A34B9F1B39763A00235350 = {
						CreatedOnToolsVersion = 6.3.2;
						TestTargetID = 29A34B8A1B39763A00235350;
					};
				};
			};
			buildConfigurationList = 29A34B861B39763A00235350 /* Build configuration list for PBXProject "cameraSample" */;
			compatibilityVersion = "Xcode 3.2";
			developmentRegion = English;
			hasScannedForEncodings = 0;
			knownRegions = (
				en,
				Base,
			);
			mainGroup = 29A34B821B39763A00235350;
			productRefGroup = 29A34B8C1B39763A00235350 /* Products */;
			projectDirPath = "";
			projectRoot = "";
			targets = (
				29A34B8A1B39763A00235350 /* cameraSample */,
				29A34B9F1B39763A00235350 /* cameraSampleTests */,
			);
		};
/* End PBXProject section */

/* Begin PBXResourcesBuildPhase section */
		29A34B891B39763A00235350 /* Resources */ = {
			isa = PBXResourcesBuildPhase;
			buildActionMask = 2147483647;
			files = (
				29A34B961B39763A00235350 /* Main.storyboard in Resources */,
				29A34BB51B398A4900235350 /* OverlayView.xib in Resources */,
				29A34B9B1B39763A00235350 /* LaunchScreen.xib in Resources */,
				29A34B981B39763A00235350 /* Images.xcassets in Resources */,
			);
			runOnlyForDeploymentPostprocessing = 0;
		};
		29A34B9E1B39763A00235350 /* Resources */ = {
			isa = PBXResourcesBuildPhase;
			buildActionMask = 2147483647;
			files = (
			);
			runOnlyForDeploymentPostprocessing = 0;
		};
/* End PBXResourcesBuildPhase section */

/* Begin PBXSourcesBuildPhase section */
		29A34B871B39763A00235350 /* Sources */ = {
			isa = PBXSourcesBuildPhase;
			buildActionMask = 2147483647;
			files = (
				29A34BB11B397CAC00235350 /* SimpleCameraViewController.swift in Sources */,
				29A34BB31B398A3500235350 /* OverlayView.swift in Sources */,
				29A34B931B39763A00235350 /* CustomCameraViewController.swift in Sources */,
				29A34B911B39763A00235350 /* AppDelegate.swift in Sources */,
			);
			runOnlyForDeploymentPostprocessing = 0;
		};
		29A34B9C1B39763A00235350 /* Sources */ = {
			isa = PBXSourcesBuildPhase;
			buildActionMask = 2147483647;
			files = (
				29A34BA71B39763A00235350 /* cameraSampleTests.swift in Sources */,
			);
			runOnlyForDeploymentPostprocessing = 0;
		};
/* End PBXSourcesBuildPhase section */

/* Begin PBXTargetDependency section */
		29A34BA21B39763A00235350 /* PBXTargetDependency */ = {
			isa = PBXTargetDependency;
			target = 29A34B8A1B39763A00235350 /* cameraSample */;
			targetProxy = 29A34BA11B39763A00235350 /* PBXContainerItemProxy */;
		};
/* End PBXTargetDependency section */

/* Begin PBXVariantGroup section */
		29A34B941B39763A00235350 /* Main.storyboard */ = {
			isa = PBXVariantGroup;
			children = (
				29A34B951B39763A00235350 /* Base */,
			);
			name = Main.storyboard;
			sourceTree = "<group>";
		};
		29A34B991B39763A00235350 /* LaunchScreen.xib */ = {
			isa = PBXVariantGroup;
			children = (
				29A34B9A1B39763A00235350 /* Base */,
			);
			name = LaunchScreen.xib;
			sourceTree = "<group>";
		};
/* End PBXVariantGroup section */

/* Begin XCBuildConfiguration section */
		29A34BA81B39763A00235350 /* Debug */ = {
			isa = XCBuildConfiguration;
			buildSettings = {
				ALWAYS_SEARCH_USER_PATHS = NO;
				CLANG_CXX_LANGUAGE_STANDARD = "gnu++0x";
				CLANG_CXX_LIBRARY = "libc++";
				CLANG_ENABLE_MODULES = YES;
				CLANG_ENABLE_OBJC_ARC = YES;
				CLANG_WARN_BOOL_CONVERSION = YES;
				CLANG_WARN_CONSTANT_CONVERSION = YES;
				CLANG_WARN_DIRECT_OBJC_ISA_USAGE = YES_ERROR;
				CLANG_WARN_EMPTY_BODY = YES;
				CLANG_WARN_ENUM_CONVERSION = YES;
				CLANG_WARN_INT_CONVERSION = YES;
				CLANG_WARN_OBJC_ROOT_CLASS = YES_ERROR;
				CLANG_WARN_UNREACHABLE_CODE = YES;
				CLANG_WARN__DUPLICATE_METHOD_MATCH = YES;
				"CODE_SIGN_IDENTITY[sdk=iphoneos*]" = "iPhone Developer";
				COPY_PHASE_STRIP = NO;
				DEBUG_INFORMATION_FORMAT = "dwarf-with-dsym";
				ENABLE_STRICT_OBJC_MSGSEND = YES;
				GCC_C_LANGUAGE_STANDARD = gnu99;
				GCC_DYNAMIC_NO_PIC = NO;
				GCC_NO_COMMON_BLOCKS = YES;
				GCC_OPTIMIZATION_LEVEL = 0;
				GCC_PREPROCESSOR_DEFINITIONS = (
					"DEBUG=1",
					"$(inherited)",
				);
				GCC_SYMBOLS_PRIVATE_EXTERN = NO;
				GCC_WARN_64_TO_32_BIT_CONVERSION = YES;
				GCC_WARN_ABOUT_RETURN_TYPE = YES_ERROR;
				GCC_WARN_UNDECLARED_SELECTOR = YES;
				GCC_WARN_UNINITIALIZED_AUTOS = YES_AGGRESSIVE;
				GCC_WARN_UNUSED_FUNCTION = YES;
				GCC_WARN_UNUSED_VARIABLE = YES;
				IPHONEOS_DEPLOYMENT_TARGET = 8.3;
				MTL_ENABLE_DEBUG_INFO = YES;
				ONLY_ACTIVE_ARCH = YES;
				SDKROOT = iphoneos;
				SWIFT_OPTIMIZATION_LEVEL = "-Onone";
			};
			name = Debug;
		};
		29A34BA91B39763A00235350 /* Release */ = {
			isa = XCBuildConfiguration;
			buildSettings = {
				ALWAYS_SEARCH_USER_PATHS = NO;
				CLANG_CXX_LANGUAGE_STANDARD = "gnu++0x";
				CLANG_CXX_LIBRARY = "libc++";
				CLANG_ENABLE_MODULES = YES;
				CLANG_ENABLE_OBJC_ARC = YES;
				CLANG_WARN_BOOL_CONVERSION = YES;
				CLANG_WARN_CONSTANT_CONVERSION = YES;
				CLANG_WARN_DIRECT_OBJC_ISA_USAGE = YES_ERROR;
				CLANG_WARN_EMPTY_BODY = YES;
				CLANG_WARN_ENUM_CONVERSION = YES;
				CLANG_WARN_INT_CONVERSION = YES;
				CLANG_WARN_OBJC_ROOT_CLASS = YES_ERROR;
				CLANG_WARN_UNREACHABLE_CODE = YES;
				CLANG_WARN__DUPLICATE_METHOD_MATCH = YES;
				"CODE_SIGN_IDENTITY[sdk=iphoneos*]" = "iPhone Developer";
				COPY_PHASE_STRIP = NO;
				DEBUG_INFORMATION_FORMAT = "dwarf-with-dsym";
				ENABLE_NS_ASSERTIONS = NO;
				ENABLE_STRICT_OBJC_MSGSEND = YES;
				GCC_C_LANGUAGE_STANDARD = gnu99;
				GCC_NO_COMMON_BLOCKS = YES;
				GCC_WARN_64_TO_32_BIT_CONVERSION = YES;
				GCC_WARN_ABOUT_RETURN_TYPE = YES_ERROR;
				GCC_WARN_UNDECLARED_SELECTOR = YES;
				GCC_WARN_UNINITIALIZED_AUTOS = YES_AGGRESSIVE;
				GCC_WARN_UNUSED_FUNCTION = YES;
				GCC_WARN_UNUSED_VARIABLE = YES;
				IPHONEOS_DEPLOYMENT_TARGET = 8.3;
				MTL_ENABLE_DEBUG_INFO = NO;
				SDKROOT = iphoneos;
				VALIDATE_PRODUCT = YES;
			};
			name = Release;
		};
		29A34BAB1B39763A00235350 /* Debug */ = {
			isa = XCBuildConfiguration;
			buildSettings = {
				ASSETCATALOG_COMPILER_APPICON_NAME = AppIcon;
				INFOPLIST_FILE = cameraSample/Info.plist;
				LD_RUNPATH_SEARCH_PATHS = "$(inherited) @executable_path/Frameworks";
				PRODUCT_NAME = "$(TARGET_NAME)";
			};
			name = Debug;
		};
		29A34BAC1B39763A00235350 /* Release */ = {
			isa = XCBuildConfiguration;
			buildSettings = {
				ASSETCATALOG_COMPILER_APPICON_NAME = AppIcon;
				INFOPLIST_FILE = cameraSample/Info.plist;
				LD_RUNPATH_SEARCH_PATHS = "$(inherited) @executable_path/Frameworks";
				PRODUCT_NAME = "$(TARGET_NAME)";
			};
			name = Release;
		};
		29A34BAE1B39763A00235350 /* Debug */ = {
			isa = XCBuildConfiguration;
			buildSettings = {
				BUNDLE_LOADER = "$(TEST_HOST)";
				FRAMEWORK_SEARCH_PATHS = (
					"$(SDKROOT)/Developer/Library/Frameworks",
					"$(inherited)",
				);
				GCC_PREPROCESSOR_DEFINITIONS = (
					"DEBUG=1",
					"$(inherited)",
				);
				INFOPLIST_FILE = cameraSampleTests/Info.plist;
				LD_RUNPATH_SEARCH_PATHS = "$(inherited) @executable_path/Frameworks @loader_path/Frameworks";
				PRODUCT_NAME = "$(TARGET_NAME)";
				TEST_HOST = "$(BUILT_PRODUCTS_DIR)/cameraSample.app/cameraSample";
			};
			name = Debug;
		};
		29A34BAF1B39763A00235350 /* Release */ = {
			isa = XCBuildConfiguration;
			buildSettings = {
				BUNDLE_LOADER = "$(TEST_HOST)";
				FRAMEWORK_SEARCH_PATHS = (
					"$(SDKROOT)/Developer/Library/Frameworks",
					"$(inherited)",
				);
				INFOPLIST_FILE = cameraSampleTests/Info.plist;
				LD_RUNPATH_SEARCH_PATHS = "$(inherited) @executable_path/Frameworks @loader_path/Frameworks";
				PRODUCT_NAME = "$(TARGET_NAME)";
				TEST_HOST = "$(BUILT_PRODUCTS_DIR)/cameraSample.app/cameraSample";
			};
			name = Release;
		};
/* End XCBuildConfiguration section */

/* Begin XCConfigurationList section */
		29A34B861B39763A00235350 /* Build configuration list for PBXProject "cameraSample" */ = {
			isa = XCConfigurationList;
			buildConfigurations = (
				29A34BA81B39763A00235350 /* Debug */,
				29A34BA91B39763A00235350 /* Release */,
			);
			defaultConfigurationIsVisible = 0;
			defaultConfigurationName = Release;
		};
		29A34BAA1B39763A00235350 /* Build configuration list for PBXNativeTarget "cameraSample" */ = {
			isa = XCConfigurationList;
			buildConfigurations = (
				29A34BAB1B39763A00235350 /* Debug */,
				29A34BAC1B39763A00235350 /* Release */,
			);
			defaultConfigurationIsVisible = 0;
		};
		29A34BAD1B39763A00235350 /* Build configuration list for PBXNativeTarget "cameraSampleTests" */ = {
			isa = XCConfigurationList;
			buildConfigurations = (
				29A34BAE1B39763A00235350 /* Debug */,
				29A34BAF1B39763A00235350 /* Release */,
			);
			defaultConfigurationIsVisible = 0;
		};
/* End XCConfigurationList section */
	};
	rootObject = 29A34B831B39763A00235350 /* Project object */;
}
